// !$*UTF8*$!
{
	archiveVersion = 1;
	classes = {
	};
	objectVersion = 56;
	objects = {

/* Begin PBXBuildFile section */
		FF584A5A2BC0845300E7917A /* ThatPokemonProjectApp.swift in Sources */ = {isa = PBXBuildFile; fileRef = FF584A592BC0845300E7917A /* ThatPokemonProjectApp.swift */; };
		FF584A5C2BC0845300E7917A /* ContentView.swift in Sources */ = {isa = PBXBuildFile; fileRef = FF584A5B2BC0845300E7917A /* ContentView.swift */; };
		FF584A5E2BC0845500E7917A /* Assets.xcassets in Resources */ = {isa = PBXBuildFile; fileRef = FF584A5D2BC0845500E7917A /* Assets.xcassets */; };
		FF584A612BC0845500E7917A /* Preview Assets.xcassets in Resources */ = {isa = PBXBuildFile; fileRef = FF584A602BC0845500E7917A /* Preview Assets.xcassets */; };
		FF584A6B2BC0845500E7917A /* ThatPokemonProjectTests.swift in Sources */ = {isa = PBXBuildFile; fileRef = FF584A6A2BC0845500E7917A /* ThatPokemonProjectTests.swift */; };
		FF584A752BC0845500E7917A /* ThatPokemonProjectUITests.swift in Sources */ = {isa = PBXBuildFile; fileRef = FF584A742BC0845500E7917A /* ThatPokemonProjectUITests.swift */; };
		FF584A772BC0845500E7917A /* ThatPokemonProjectUITestsLaunchTests.swift in Sources */ = {isa = PBXBuildFile; fileRef = FF584A762BC0845500E7917A /* ThatPokemonProjectUITestsLaunchTests.swift */; };
/* End PBXBuildFile section */

/* Begin PBXContainerItemProxy section */
		FF584A672BC0845500E7917A /* PBXContainerItemProxy */ = {
			isa = PBXContainerItemProxy;
			containerPortal = FF584A4E2BC0845300E7917A /* Project object */;
			proxyType = 1;
			remoteGlobalIDString = FF584A552BC0845300E7917A;
			remoteInfo = ThatPokemonProject;
		};
		FF584A712BC0845500E7917A /* PBXContainerItemProxy */ = {
			isa = PBXContainerItemProxy;
			containerPortal = FF584A4E2BC0845300E7917A /* Project object */;
			proxyType = 1;
			remoteGlobalIDString = FF584A552BC0845300E7917A;
			remoteInfo = ThatPokemonProject;
		};
/* End PBXContainerItemProxy section */

/* Begin PBXFileReference section */
		FF584A562BC0845300E7917A /* ThatPokemonProject.app */ = {isa = PBXFileReference; explicitFileType = wrapper.application; includeInIndex = 0; path = ThatPokemonProject.app; sourceTree = BUILT_PRODUCTS_DIR; };
		FF584A592BC0845300E7917A /* ThatPokemonProjectApp.swift */ = {isa = PBXFileReference; lastKnownFileType = sourcecode.swift; path = ThatPokemonProjectApp.swift; sourceTree = "<group>"; };
		FF584A5B2BC0845300E7917A /* ContentView.swift */ = {isa = PBXFileReference; lastKnownFileType = sourcecode.swift; path = ContentView.swift; sourceTree = "<group>"; };
		FF584A5D2BC0845500E7917A /* Assets.xcassets */ = {isa = PBXFileReference; lastKnownFileType = folder.assetcatalog; path = Assets.xcassets; sourceTree = "<group>"; };
		FF584A602BC0845500E7917A /* Preview Assets.xcassets */ = {isa = PBXFileReference; lastKnownFileType = folder.assetcatalog; path = "Preview Assets.xcassets"; sourceTree = "<group>"; };
		FF584A662BC0845500E7917A /* ThatPokemonProjectTests.xctest */ = {isa = PBXFileReference; explicitFileType = wrapper.cfbundle; includeInIndex = 0; path = ThatPokemonProjectTests.xctest; sourceTree = BUILT_PRODUCTS_DIR; };
		FF584A6A2BC0845500E7917A /* ThatPokemonProjectTests.swift */ = {isa = PBXFileReference; lastKnownFileType = sourcecode.swift; path = ThatPokemonProjectTests.swift; sourceTree = "<group>"; };
		FF584A702BC0845500E7917A /* ThatPokemonProjectUITests.xctest */ = {isa = PBXFileReference; explicitFileType = wrapper.cfbundle; includeInIndex = 0; path = ThatPokemonProjectUITests.xctest; sourceTree = BUILT_PRODUCTS_DIR; };
		FF584A742BC0845500E7917A /* ThatPokemonProjectUITests.swift */ = {isa = PBXFileReference; lastKnownFileType = sourcecode.swift; path = ThatPokemonProjectUITests.swift; sourceTree = "<group>"; };
		FF584A762BC0845500E7917A /* ThatPokemonProjectUITestsLaunchTests.swift */ = {isa = PBXFileReference; lastKnownFileType = sourcecode.swift; path = ThatPokemonProjectUITestsLaunchTests.swift; sourceTree = "<group>"; };
/* End PBXFileReference section */

/* Begin PBXFrameworksBuildPhase section */
		FF584A532BC0845300E7917A /* Frameworks */ = {
			isa = PBXFrameworksBuildPhase;
			buildActionMask = 2147483647;
			files = (
			);
			runOnlyForDeploymentPostprocessing = 0;
		};
		FF584A632BC0845500E7917A /* Frameworks */ = {
			isa = PBXFrameworksBuildPhase;
			buildActionMask = 2147483647;
			files = (
			);
			runOnlyForDeploymentPostprocessing = 0;
		};
		FF584A6D2BC0845500E7917A /* Frameworks */ = {
			isa = PBXFrameworksBuildPhase;
			buildActionMask = 2147483647;
			files = (
			);
			runOnlyForDeploymentPostprocessing = 0;
		};
/* End PBXFrameworksBuildPhase section */

/* Begin PBXGroup section */
		FF584A4D2BC0845300E7917A = {
			isa = PBXGroup;
			children = (
				FF584A582BC0845300E7917A /* ThatPokemonProject */,
				FF584A692BC0845500E7917A /* ThatPokemonProjectTests */,
				FF584A732BC0845500E7917A /* ThatPokemonProjectUITests */,
				FF584A572BC0845300E7917A /* Products */,
			);
			sourceTree = "<group>";
		};
		FF584A572BC0845300E7917A /* Products */ = {
			isa = PBXGroup;
			children = (
				FF584A562BC0845300E7917A /* ThatPokemonProject.app */,
				FF584A662BC0845500E7917A /* ThatPokemonProjectTests.xctest */,
				FF584A702BC0845500E7917A /* ThatPokemonProjectUITests.xctest */,
			);
			name = Products;
			sourceTree = "<group>";
		};
		FF584A582BC0845300E7917A /* ThatPokemonProject */ = {
			isa = PBXGroup;
			children = (
				FF584A842BC0859300E7917A /* App */,
				FF584A832BC0858B00E7917A /* Core */,
				FF584A592BC0845300E7917A /* ThatPokemonProjectApp.swift */,
				FF584A5B2BC0845300E7917A /* ContentView.swift */,
				FF584A5D2BC0845500E7917A /* Assets.xcassets */,
				FF584A5F2BC0845500E7917A /* Preview Content */,
			);
			path = ThatPokemonProject;
			sourceTree = "<group>";
		};
		FF584A5F2BC0845500E7917A /* Preview Content */ = {
			isa = PBXGroup;
			children = (
				FF584A602BC0845500E7917A /* Preview Assets.xcassets */,
			);
			path = "Preview Content";
			sourceTree = "<group>";
		};
		FF584A692BC0845500E7917A /* ThatPokemonProjectTests */ = {
			isa = PBXGroup;
			children = (
				FF584A6A2BC0845500E7917A /* ThatPokemonProjectTests.swift */,
			);
			path = ThatPokemonProjectTests;
			sourceTree = "<group>";
		};
		FF584A732BC0845500E7917A /* ThatPokemonProjectUITests */ = {
			isa = PBXGroup;
			children = (
				FF584A742BC0845500E7917A /* ThatPokemonProjectUITests.swift */,
				FF584A762BC0845500E7917A /* ThatPokemonProjectUITestsLaunchTests.swift */,
			);
			path = ThatPokemonProjectUITests;
			sourceTree = "<group>";
		};
		FF584A832BC0858B00E7917A /* Core */ = {
			isa = PBXGroup;
			children = (
				FF584A8E2BC0865000E7917A /* Constants */,
				FF584A882BC085D400E7917A /* Endpoints */,
				FF584A852BC0859C00E7917A /* Extensions */,
				FF584A862BC085A800E7917A /* Model */,
				FF584A892BC085E500E7917A /* Network */,
				FF584A872BC085B500E7917A /* Services */,
				FF584A8A2BC085FF00E7917A /* ViewModifers */,
				FF584A8B2BC0860A00E7917A /* Views */,
			);
			path = Core;
			sourceTree = "<group>";
		};
		FF584A842BC0859300E7917A /* App */ = {
			isa = PBXGroup;
			children = (
				FF584A8D2BC0863100E7917A /* PokemonDetail */,
				FF584A8C2BC0862700E7917A /* PokemonList */,
			);
			path = App;
			sourceTree = "<group>";
		};
		FF584A852BC0859C00E7917A /* Extensions */ = {
			isa = PBXGroup;
			children = (
			);
			path = Extensions;
			sourceTree = "<group>";
		};
		FF584A862BC085A800E7917A /* Model */ = {
			isa = PBXGroup;
			children = (
			);
			path = Model;
			sourceTree = "<group>";
		};
		FF584A872BC085B500E7917A /* Services */ = {
			isa = PBXGroup;
			children = (
			);
			path = Services;
			sourceTree = "<group>";
		};
		FF584A882BC085D400E7917A /* Endpoints */ = {
			isa = PBXGroup;
			children = (
			);
			path = Endpoints;
			sourceTree = "<group>";
		};
		FF584A892BC085E500E7917A /* Network */ = {
			isa = PBXGroup;
			children = (
			);
			path = Network;
			sourceTree = "<group>";
		};
		FF584A8A2BC085FF00E7917A /* ViewModifers */ = {
			isa = PBXGroup;
			children = (
			);
			path = ViewModifers;
			sourceTree = "<group>";
		};
		FF584A8B2BC0860A00E7917A /* Views */ = {
			isa = PBXGroup;
			children = (
			);
			path = Views;
			sourceTree = "<group>";
		};
		FF584A8C2BC0862700E7917A /* PokemonList */ = {
			isa = PBXGroup;
			children = (
			);
			path = PokemonList;
			sourceTree = "<group>";
		};
		FF584A8D2BC0863100E7917A /* PokemonDetail */ = {
			isa = PBXGroup;
			children = (
			);
			path = PokemonDetail;
			sourceTree = "<group>";
		};
		FF584A8E2BC0865000E7917A /* Constants */ = {
			isa = PBXGroup;
			children = (
			);
			path = Constants;
			sourceTree = "<group>";
		};
/* End PBXGroup section */

/* Begin PBXNativeTarget section */
		FF584A552BC0845300E7917A /* ThatPokemonProject */ = {
			isa = PBXNativeTarget;
			buildConfigurationList = FF584A7A2BC0845500E7917A /* Build configuration list for PBXNativeTarget "ThatPokemonProject" */;
			buildPhases = (
				FF584A522BC0845300E7917A /* Sources */,
				FF584A532BC0845300E7917A /* Frameworks */,
				FF584A542BC0845300E7917A /* Resources */,
			);
			buildRules = (
			);
			dependencies = (
			);
			name = ThatPokemonProject;
			productName = ThatPokemonProject;
			productReference = FF584A562BC0845300E7917A /* ThatPokemonProject.app */;
			productType = "com.apple.product-type.application";
		};
		FF584A652BC0845500E7917A /* ThatPokemonProjectTests */ = {
			isa = PBXNativeTarget;
			buildConfigurationList = FF584A7D2BC0845500E7917A /* Build configuration list for PBXNativeTarget "ThatPokemonProjectTests" */;
			buildPhases = (
				FF584A622BC0845500E7917A /* Sources */,
				FF584A632BC0845500E7917A /* Frameworks */,
				FF584A642BC0845500E7917A /* Resources */,
			);
			buildRules = (
			);
			dependencies = (
				FF584A682BC0845500E7917A /* PBXTargetDependency */,
			);
			name = ThatPokemonProjectTests;
			productName = ThatPokemonProjectTests;
			productReference = FF584A662BC0845500E7917A /* ThatPokemonProjectTests.xctest */;
			productType = "com.apple.product-type.bundle.unit-test";
		};
		FF584A6F2BC0845500E7917A /* ThatPokemonProjectUITests */ = {
			isa = PBXNativeTarget;
			buildConfigurationList = FF584A802BC0845500E7917A /* Build configuration list for PBXNativeTarget "ThatPokemonProjectUITests" */;
			buildPhases = (
				FF584A6C2BC0845500E7917A /* Sources */,
				FF584A6D2BC0845500E7917A /* Frameworks */,
				FF584A6E2BC0845500E7917A /* Resources */,
			);
			buildRules = (
			);
			dependencies = (
				FF584A722BC0845500E7917A /* PBXTargetDependency */,
			);
			name = ThatPokemonProjectUITests;
			productName = ThatPokemonProjectUITests;
			productReference = FF584A702BC0845500E7917A /* ThatPokemonProjectUITests.xctest */;
			productType = "com.apple.product-type.bundle.ui-testing";
		};
/* End PBXNativeTarget section */

/* Begin PBXProject section */
		FF584A4E2BC0845300E7917A /* Project object */ = {
			isa = PBXProject;
			attributes = {
				BuildIndependentTargetsInParallel = 1;
				LastSwiftUpdateCheck = 1530;
				LastUpgradeCheck = 1530;
				TargetAttributes = {
					FF584A552BC0845300E7917A = {
						CreatedOnToolsVersion = 15.3;
					};
					FF584A652BC0845500E7917A = {
						CreatedOnToolsVersion = 15.3;
						TestTargetID = FF584A552BC0845300E7917A;
					};
					FF584A6F2BC0845500E7917A = {
						CreatedOnToolsVersion = 15.3;
						TestTargetID = FF584A552BC0845300E7917A;
					};
				};
			};
			buildConfigurationList = FF584A512BC0845300E7917A /* Build configuration list for PBXProject "ThatPokemonProject" */;
			compatibilityVersion = "Xcode 14.0";
			developmentRegion = en;
			hasScannedForEncodings = 0;
			knownRegions = (
				en,
				Base,
			);
			mainGroup = FF584A4D2BC0845300E7917A;
			productRefGroup = FF584A572BC0845300E7917A /* Products */;
			projectDirPath = "";
			projectRoot = "";
			targets = (
				FF584A552BC0845300E7917A /* ThatPokemonProject */,
				FF584A652BC0845500E7917A /* ThatPokemonProjectTests */,
				FF584A6F2BC0845500E7917A /* ThatPokemonProjectUITests */,
			);
		};
/* End PBXProject section */

/* Begin PBXResourcesBuildPhase section */
		FF584A542BC0845300E7917A /* Resources */ = {
			isa = PBXResourcesBuildPhase;
			buildActionMask = 2147483647;
			files = (
				FF584A612BC0845500E7917A /* Preview Assets.xcassets in Resources */,
				FF584A5E2BC0845500E7917A /* Assets.xcassets in Resources */,
			);
			runOnlyForDeploymentPostprocessing = 0;
		};
		FF584A642BC0845500E7917A /* Resources */ = {
			isa = PBXResourcesBuildPhase;
			buildActionMask = 2147483647;
			files = (
			);
			runOnlyForDeploymentPostprocessing = 0;
		};
		FF584A6E2BC0845500E7917A /* Resources */ = {
			isa = PBXResourcesBuildPhase;
			buildActionMask = 2147483647;
			files = (
			);
			runOnlyForDeploymentPostprocessing = 0;
		};
/* End PBXResourcesBuildPhase section */

/* Begin PBXSourcesBuildPhase section */
		FF584A522BC0845300E7917A /* Sources */ = {
			isa = PBXSourcesBuildPhase;
			buildActionMask = 2147483647;
			files = (
				FF584A5C2BC0845300E7917A /* ContentView.swift in Sources */,
				FF584A5A2BC0845300E7917A /* ThatPokemonProjectApp.swift in Sources */,
			);
			runOnlyForDeploymentPostprocessing = 0;
		};
		FF584A622BC0845500E7917A /* Sources */ = {
			isa = PBXSourcesBuildPhase;
			buildActionMask = 2147483647;
			files = (
				FF584A6B2BC0845500E7917A /* ThatPokemonProjectTests.swift in Sources */,
			);
			runOnlyForDeploymentPostprocessing = 0;
		};
		FF584A6C2BC0845500E7917A /* Sources */ = {
			isa = PBXSourcesBuildPhase;
			buildActionMask = 2147483647;
			files = (
				FF584A752BC0845500E7917A /* ThatPokemonProjectUITests.swift in Sources */,
				FF584A772BC0845500E7917A /* ThatPokemonProjectUITestsLaunchTests.swift in Sources */,
			);
			runOnlyForDeploymentPostprocessing = 0;
		};
/* End PBXSourcesBuildPhase section */

/* Begin PBXTargetDependency section */
		FF584A682BC0845500E7917A /* PBXTargetDependency */ = {
			isa = PBXTargetDependency;
			target = FF584A552BC0845300E7917A /* ThatPokemonProject */;
			targetProxy = FF584A672BC0845500E7917A /* PBXContainerItemProxy */;
		};
		FF584A722BC0845500E7917A /* PBXTargetDependency */ = {
			isa = PBXTargetDependency;
			target = FF584A552BC0845300E7917A /* ThatPokemonProject */;
			targetProxy = FF584A712BC0845500E7917A /* PBXContainerItemProxy */;
		};
/* End PBXTargetDependency section */

/* Begin XCBuildConfiguration section */
		FF584A782BC0845500E7917A /* Debug */ = {
			isa = XCBuildConfiguration;
			buildSettings = {
				ALWAYS_SEARCH_USER_PATHS = NO;
				ASSETCATALOG_COMPILER_GENERATE_SWIFT_ASSET_SYMBOL_EXTENSIONS = YES;
				CLANG_ANALYZER_NONNULL = YES;
				CLANG_ANALYZER_NUMBER_OBJECT_CONVERSION = YES_AGGRESSIVE;
				CLANG_CXX_LANGUAGE_STANDARD = "gnu++20";
				CLANG_ENABLE_MODULES = YES;
				CLANG_ENABLE_OBJC_ARC = YES;
				CLANG_ENABLE_OBJC_WEAK = YES;
				CLANG_WARN_BLOCK_CAPTURE_AUTORELEASING = YES;
				CLANG_WARN_BOOL_CONVERSION = YES;
				CLANG_WARN_COMMA = YES;
				CLANG_WARN_CONSTANT_CONVERSION = YES;
				CLANG_WARN_DEPRECATED_OBJC_IMPLEMENTATIONS = YES;
				CLANG_WARN_DIRECT_OBJC_ISA_USAGE = YES_ERROR;
				CLANG_WARN_DOCUMENTATION_COMMENTS = YES;
				CLANG_WARN_EMPTY_BODY = YES;
				CLANG_WARN_ENUM_CONVERSION = YES;
				CLANG_WARN_INFINITE_RECURSION = YES;
				CLANG_WARN_INT_CONVERSION = YES;
				CLANG_WARN_NON_LITERAL_NULL_CONVERSION = YES;
				CLANG_WARN_OBJC_IMPLICIT_RETAIN_SELF = YES;
				CLANG_WARN_OBJC_LITERAL_CONVERSION = YES;
				CLANG_WARN_OBJC_ROOT_CLASS = YES_ERROR;
				CLANG_WARN_QUOTED_INCLUDE_IN_FRAMEWORK_HEADER = YES;
				CLANG_WARN_RANGE_LOOP_ANALYSIS = YES;
				CLANG_WARN_STRICT_PROTOTYPES = YES;
				CLANG_WARN_SUSPICIOUS_MOVE = YES;
				CLANG_WARN_UNGUARDED_AVAILABILITY = YES_AGGRESSIVE;
				CLANG_WARN_UNREACHABLE_CODE = YES;
				CLANG_WARN__DUPLICATE_METHOD_MATCH = YES;
				COPY_PHASE_STRIP = NO;
				DEBUG_INFORMATION_FORMAT = dwarf;
				ENABLE_STRICT_OBJC_MSGSEND = YES;
				ENABLE_TESTABILITY = YES;
				ENABLE_USER_SCRIPT_SANDBOXING = YES;
				GCC_C_LANGUAGE_STANDARD = gnu17;
				GCC_DYNAMIC_NO_PIC = NO;
				GCC_NO_COMMON_BLOCKS = YES;
				GCC_OPTIMIZATION_LEVEL = 0;
				GCC_PREPROCESSOR_DEFINITIONS = (
					"DEBUG=1",
					"$(inherited)",
				);
				GCC_WARN_64_TO_32_BIT_CONVERSION = YES;
				GCC_WARN_ABOUT_RETURN_TYPE = YES_ERROR;
				GCC_WARN_UNDECLARED_SELECTOR = YES;
				GCC_WARN_UNINITIALIZED_AUTOS = YES_AGGRESSIVE;
				GCC_WARN_UNUSED_FUNCTION = YES;
				GCC_WARN_UNUSED_VARIABLE = YES;
				IPHONEOS_DEPLOYMENT_TARGET = 17.4;
				LOCALIZATION_PREFERS_STRING_CATALOGS = YES;
				MTL_ENABLE_DEBUG_INFO = INCLUDE_SOURCE;
				MTL_FAST_MATH = YES;
				ONLY_ACTIVE_ARCH = YES;
				SDKROOT = iphoneos;
				SWIFT_ACTIVE_COMPILATION_CONDITIONS = "DEBUG $(inherited)";
				SWIFT_OPTIMIZATION_LEVEL = "-Onone";
			};
			name = Debug;
		};
		FF584A792BC0845500E7917A /* Release */ = {
			isa = XCBuildConfiguration;
			buildSettings = {
				ALWAYS_SEARCH_USER_PATHS = NO;
				ASSETCATALOG_COMPILER_GENERATE_SWIFT_ASSET_SYMBOL_EXTENSIONS = YES;
				CLANG_ANALYZER_NONNULL = YES;
				CLANG_ANALYZER_NUMBER_OBJECT_CONVERSION = YES_AGGRESSIVE;
				CLANG_CXX_LANGUAGE_STANDARD = "gnu++20";
				CLANG_ENABLE_MODULES = YES;
				CLANG_ENABLE_OBJC_ARC = YES;
				CLANG_ENABLE_OBJC_WEAK = YES;
				CLANG_WARN_BLOCK_CAPTURE_AUTORELEASING = YES;
				CLANG_WARN_BOOL_CONVERSION = YES;
				CLANG_WARN_COMMA = YES;
				CLANG_WARN_CONSTANT_CONVERSION = YES;
				CLANG_WARN_DEPRECATED_OBJC_IMPLEMENTATIONS = YES;
				CLANG_WARN_DIRECT_OBJC_ISA_USAGE = YES_ERROR;
				CLANG_WARN_DOCUMENTATION_COMMENTS = YES;
				CLANG_WARN_EMPTY_BODY = YES;
				CLANG_WARN_ENUM_CONVERSION = YES;
				CLANG_WARN_INFINITE_RECURSION = YES;
				CLANG_WARN_INT_CONVERSION = YES;
				CLANG_WARN_NON_LITERAL_NULL_CONVERSION = YES;
				CLANG_WARN_OBJC_IMPLICIT_RETAIN_SELF = YES;
				CLANG_WARN_OBJC_LITERAL_CONVERSION = YES;
				CLANG_WARN_OBJC_ROOT_CLASS = YES_ERROR;
				CLANG_WARN_QUOTED_INCLUDE_IN_FRAMEWORK_HEADER = YES;
				CLANG_WARN_RANGE_LOOP_ANALYSIS = YES;
				CLANG_WARN_STRICT_PROTOTYPES = YES;
				CLANG_WARN_SUSPICIOUS_MOVE = YES;
				CLANG_WARN_UNGUARDED_AVAILABILITY = YES_AGGRESSIVE;
				CLANG_WARN_UNREACHABLE_CODE = YES;
				CLANG_WARN__DUPLICATE_METHOD_MATCH = YES;
				COPY_PHASE_STRIP = NO;
				DEBUG_INFORMATION_FORMAT = "dwarf-with-dsym";
				ENABLE_NS_ASSERTIONS = NO;
				ENABLE_STRICT_OBJC_MSGSEND = YES;
				ENABLE_USER_SCRIPT_SANDBOXING = YES;
				GCC_C_LANGUAGE_STANDARD = gnu17;
				GCC_NO_COMMON_BLOCKS = YES;
				GCC_WARN_64_TO_32_BIT_CONVERSION = YES;
				GCC_WARN_ABOUT_RETURN_TYPE = YES_ERROR;
				GCC_WARN_UNDECLARED_SELECTOR = YES;
				GCC_WARN_UNINITIALIZED_AUTOS = YES_AGGRESSIVE;
				GCC_WARN_UNUSED_FUNCTION = YES;
				GCC_WARN_UNUSED_VARIABLE = YES;
				IPHONEOS_DEPLOYMENT_TARGET = 17.4;
				LOCALIZATION_PREFERS_STRING_CATALOGS = YES;
				MTL_ENABLE_DEBUG_INFO = NO;
				MTL_FAST_MATH = YES;
				SDKROOT = iphoneos;
				SWIFT_COMPILATION_MODE = wholemodule;
				VALIDATE_PRODUCT = YES;
			};
			name = Release;
		};
		FF584A7B2BC0845500E7917A /* Debug */ = {
			isa = XCBuildConfiguration;
			buildSettings = {
				ASSETCATALOG_COMPILER_APPICON_NAME = AppIcon;
				ASSETCATALOG_COMPILER_GLOBAL_ACCENT_COLOR_NAME = AccentColor;
				CODE_SIGN_STYLE = Automatic;
				CURRENT_PROJECT_VERSION = 1;
				DEVELOPMENT_ASSET_PATHS = "\"ThatPokemonProject/Preview Content\"";
				DEVELOPMENT_TEAM = 877F6QXPAM;
				ENABLE_PREVIEWS = YES;
				GENERATE_INFOPLIST_FILE = YES;
				INFOPLIST_KEY_UIApplicationSceneManifest_Generation = YES;
				INFOPLIST_KEY_UIApplicationSupportsIndirectInputEvents = YES;
				INFOPLIST_KEY_UILaunchScreen_Generation = YES;
				INFOPLIST_KEY_UISupportedInterfaceOrientations_iPad = "UIInterfaceOrientationPortrait UIInterfaceOrientationPortraitUpsideDown UIInterfaceOrientationLandscapeLeft UIInterfaceOrientationLandscapeRight";
				INFOPLIST_KEY_UISupportedInterfaceOrientations_iPhone = "UIInterfaceOrientationPortrait UIInterfaceOrientationLandscapeLeft UIInterfaceOrientationLandscapeRight";
				LD_RUNPATH_SEARCH_PATHS = (
					"$(inherited)",
					"@executable_path/Frameworks",
				);
				MARKETING_VERSION = 1.0;
				PRODUCT_BUNDLE_IDENTIFIER = com.shoxydigital.ThatPokemonProject;
				PRODUCT_NAME = "$(TARGET_NAME)";
				SWIFT_EMIT_LOC_STRINGS = YES;
				SWIFT_VERSION = 5.0;
				TARGETED_DEVICE_FAMILY = "1,2";
			};
			name = Debug;
		};
		FF584A7C2BC0845500E7917A /* Release */ = {
			isa = XCBuildConfiguration;
			buildSettings = {
				ASSETCATALOG_COMPILER_APPICON_NAME = AppIcon;
				ASSETCATALOG_COMPILER_GLOBAL_ACCENT_COLOR_NAME = AccentColor;
				CODE_SIGN_STYLE = Automatic;
				CURRENT_PROJECT_VERSION = 1;
				DEVELOPMENT_ASSET_PATHS = "\"ThatPokemonProject/Preview Content\"";
				DEVELOPMENT_TEAM = 877F6QXPAM;
				ENABLE_PREVIEWS = YES;
				GENERATE_INFOPLIST_FILE = YES;
				INFOPLIST_KEY_UIApplicationSceneManifest_Generation = YES;
				INFOPLIST_KEY_UIApplicationSupportsIndirectInputEvents = YES;
				INFOPLIST_KEY_UILaunchScreen_Generation = YES;
				INFOPLIST_KEY_UISupportedInterfaceOrientations_iPad = "UIInterfaceOrientationPortrait UIInterfaceOrientationPortraitUpsideDown UIInterfaceOrientationLandscapeLeft UIInterfaceOrientationLandscapeRight";
				INFOPLIST_KEY_UISupportedInterfaceOrientations_iPhone = "UIInterfaceOrientationPortrait UIInterfaceOrientationLandscapeLeft UIInterfaceOrientationLandscapeRight";
				LD_RUNPATH_SEARCH_PATHS = (
					"$(inherited)",
					"@executable_path/Frameworks",
				);
				MARKETING_VERSION = 1.0;
				PRODUCT_BUNDLE_IDENTIFIER = com.shoxydigital.ThatPokemonProject;
				PRODUCT_NAME = "$(TARGET_NAME)";
				SWIFT_EMIT_LOC_STRINGS = YES;
				SWIFT_VERSION = 5.0;
				TARGETED_DEVICE_FAMILY = "1,2";
			};
			name = Release;
		};
		FF584A7E2BC0845500E7917A /* Debug */ = {
			isa = XCBuildConfiguration;
			buildSettings = {
				ALWAYS_EMBED_SWIFT_STANDARD_LIBRARIES = YES;
				BUNDLE_LOADER = "$(TEST_HOST)";
				CODE_SIGN_STYLE = Automatic;
				CURRENT_PROJECT_VERSION = 1;
				DEVELOPMENT_TEAM = 877F6QXPAM;
				GENERATE_INFOPLIST_FILE = YES;
				IPHONEOS_DEPLOYMENT_TARGET = 17.4;
				MARKETING_VERSION = 1.0;
				PRODUCT_BUNDLE_IDENTIFIER = com.shoxydigital.ThatPokemonProjectTests;
				PRODUCT_NAME = "$(TARGET_NAME)";
				SWIFT_EMIT_LOC_STRINGS = NO;
				SWIFT_VERSION = 5.0;
				TARGETED_DEVICE_FAMILY = "1,2";
				TEST_HOST = "$(BUILT_PRODUCTS_DIR)/ThatPokemonProject.app/$(BUNDLE_EXECUTABLE_FOLDER_PATH)/ThatPokemonProject";
			};
			name = Debug;
		};
		FF584A7F2BC0845500E7917A /* Release */ = {
			isa = XCBuildConfiguration;
			buildSettings = {
				ALWAYS_EMBED_SWIFT_STANDARD_LIBRARIES = YES;
				BUNDLE_LOADER = "$(TEST_HOST)";
				CODE_SIGN_STYLE = Automatic;
				CURRENT_PROJECT_VERSION = 1;
				DEVELOPMENT_TEAM = 877F6QXPAM;
				GENERATE_INFOPLIST_FILE = YES;
				IPHONEOS_DEPLOYMENT_TARGET = 17.4;
				MARKETING_VERSION = 1.0;
				PRODUCT_BUNDLE_IDENTIFIER = com.shoxydigital.ThatPokemonProjectTests;
				PRODUCT_NAME = "$(TARGET_NAME)";
				SWIFT_EMIT_LOC_STRINGS = NO;
				SWIFT_VERSION = 5.0;
				TARGETED_DEVICE_FAMILY = "1,2";
				TEST_HOST = "$(BUILT_PRODUCTS_DIR)/ThatPokemonProject.app/$(BUNDLE_EXECUTABLE_FOLDER_PATH)/ThatPokemonProject";
			};
			name = Release;
		};
		FF584A812BC0845500E7917A /* Debug */ = {
			isa = XCBuildConfiguration;
			buildSettings = {
				ALWAYS_EMBED_SWIFT_STANDARD_LIBRARIES = YES;
				CODE_SIGN_STYLE = Automatic;
				CURRENT_PROJECT_VERSION = 1;
				DEVELOPMENT_TEAM = 877F6QXPAM;
				GENERATE_INFOPLIST_FILE = YES;
				MARKETING_VERSION = 1.0;
				PRODUCT_BUNDLE_IDENTIFIER = com.shoxydigital.ThatPokemonProjectUITests;
				PRODUCT_NAME = "$(TARGET_NAME)";
				SWIFT_EMIT_LOC_STRINGS = NO;
				SWIFT_VERSION = 5.0;
				TARGETED_DEVICE_FAMILY = "1,2";
				TEST_TARGET_NAME = ThatPokemonProject;
			};
			name = Debug;
		};
		FF584A822BC0845500E7917A /* Release */ = {
			isa = XCBuildConfiguration;
			buildSettings = {
				ALWAYS_EMBED_SWIFT_STANDARD_LIBRARIES = YES;
				CODE_SIGN_STYLE = Automatic;
				CURRENT_PROJECT_VERSION = 1;
				DEVELOPMENT_TEAM = 877F6QXPAM;
				GENERATE_INFOPLIST_FILE = YES;
				MARKETING_VERSION = 1.0;
				PRODUCT_BUNDLE_IDENTIFIER = com.shoxydigital.ThatPokemonProjectUITests;
				PRODUCT_NAME = "$(TARGET_NAME)";
				SWIFT_EMIT_LOC_STRINGS = NO;
				SWIFT_VERSION = 5.0;
				TARGETED_DEVICE_FAMILY = "1,2";
				TEST_TARGET_NAME = ThatPokemonProject;
			};
			name = Release;
		};
/* End XCBuildConfiguration section */

/* Begin XCConfigurationList section */
		FF584A512BC0845300E7917A /* Build configuration list for PBXProject "ThatPokemonProject" */ = {
			isa = XCConfigurationList;
			buildConfigurations = (
				FF584A782BC0845500E7917A /* Debug */,
				FF584A792BC0845500E7917A /* Release */,
			);
			defaultConfigurationIsVisible = 0;
			defaultConfigurationName = Release;
		};
		FF584A7A2BC0845500E7917A /* Build configuration list for PBXNativeTarget "ThatPokemonProject" */ = {
			isa = XCConfigurationList;
			buildConfigurations = (
				FF584A7B2BC0845500E7917A /* Debug */,
				FF584A7C2BC0845500E7917A /* Release */,
			);
			defaultConfigurationIsVisible = 0;
			defaultConfigurationName = Release;
		};
		FF584A7D2BC0845500E7917A /* Build configuration list for PBXNativeTarget "ThatPokemonProjectTests" */ = {
			isa = XCConfigurationList;
			buildConfigurations = (
				FF584A7E2BC0845500E7917A /* Debug */,
				FF584A7F2BC0845500E7917A /* Release */,
			);
			defaultConfigurationIsVisible = 0;
			defaultConfigurationName = Release;
		};
		FF584A802BC0845500E7917A /* Build configuration list for PBXNativeTarget "ThatPokemonProjectUITests" */ = {
			isa = XCConfigurationList;
			buildConfigurations = (
				FF584A812BC0845500E7917A /* Debug */,
				FF584A822BC0845500E7917A /* Release */,
			);
			defaultConfigurationIsVisible = 0;
			defaultConfigurationName = Release;
		};
/* End XCConfigurationList section */
	};
	rootObject = FF584A4E2BC0845300E7917A /* Project object */;
}
